
Microsoft Visual Studio Solution File, Format Version 12.00
# Visual Studio Version 16
VisualStudioVersion = 16.0.30523.141
MinimumVisualStudioVersion = 10.0.40219.1
Project("{FAE04EC0-301F-11D3-BF4B-00C04F79EFBC}") = "BeautifulWindows", "BeautifulWindows\BeautifulWindows.csproj", "{5D887086-2439-4718-88E0-E936CFE913B6}"
EndProject
Project("{FAE04EC0-301F-11D3-BF4B-00C04F79EFBC}") = "TestThreadControl", "TestThreadControl\TestThreadControl.csproj", "{24B754A4-600E-4DCC-A6E7-3401195A77A4}"
EndProject
Project("{FAE04EC0-301F-11D3-BF4B-00C04F79EFBC}") = "BWAnimator", "BWAnimator\BWAnimator.csproj", "{08284759-68D1-469B-B5D6-F5405E9577DC}"
EndProject
Project("{FAE04EC0-301F-11D3-BF4B-00C04F79EFBC}") = "TestBWAnimator", "TestBWAnimator\TestBWAnimator.csproj", "{A47840FD-D5F2-4E03-A74B-B32F3EBAC428}"
EndProject
Project("{FAE04EC0-301F-11D3-BF4B-00C04F79EFBC}") = "ThreadControl", "ThreadControl\ThreadControl.csproj", "{63A6365C-BBC1-4EB7-B1AB-6AE1B25ED13A}"
EndProject
Global
	GlobalSection(SolutionConfigurationPlatforms) = preSolution
		Debug|Any CPU = Debug|Any CPU
		Release|Any CPU = Release|Any CPU
	EndGlobalSection
	GlobalSection(ProjectConfigurationPlatforms) = postSolution
		{5D887086-2439-4718-88E0-E936CFE913B6}.Debug|Any CPU.ActiveCfg = Debug|Any CPU
		{5D887086-2439-4718-88E0-E936CFE913B6}.Debug|Any CPU.Build.0 = Debug|Any CPU
		{5D887086-2439-4718-88E0-E936CFE913B6}.Release|Any CPU.ActiveCfg = Release|Any CPU
		{5D887086-2439-4718-88E0-E936CFE913B6}.Release|Any CPU.Build.0 = Release|Any CPU
		{24B754A4-600E-4DCC-A6E7-3401195A77A4}.Debug|Any CPU.ActiveCfg = Debug|Any CPU
		{24B754A4-600E-4DCC-A6E7-3401195A77A4}.Debug|Any CPU.Build.0 = Debug|Any CPU
		{24B754A4-600E-4DCC-A6E7-3401195A77A4}.Release|Any CPU.ActiveCfg = Release|Any CPU
		{24B754A4-600E-4DCC-A6E7-3401195A77A4}.Release|Any CPU.Build.0 = Release|Any CPU
		{08284759-68D1-469B-B5D6-F5405E9577DC}.Debug|Any CPU.ActiveCfg = Debug|Any CPU
		{08284759-68D1-469B-B5D6-F5405E9577DC}.Debug|Any CPU.Build.0 = Debug|Any CPU
		{08284759-68D1-469B-B5D6-F5405E9577DC}.Release|Any CPU.ActiveCfg = Release|Any CPU
		{08284759-68D1-469B-B5D6-F5405E9577DC}.Release|Any CPU.Build.0 = Release|Any CPU
		{A47840FD-D5F2-4E03-A74B-B32F3EBAC428}.Debug|Any CPU.ActiveCfg = Debug|Any CPU
		{A47840FD-D5F2-4E03-A74B-B32F3EBAC428}.Debug|Any CPU.Build.0 = Debug|Any CPU
		{A47840FD-D5F2-4E03-A74B-B32F3EBAC428}.Release|Any CPU.ActiveCfg = Release|Any CPU
		{A47840FD-D5F2-4E03-A74B-B32F3EBAC428}.Release|Any CPU.Build.0 = Release|Any CPU
		{63A6365C-BBC1-4EB7-B1AB-6AE1B25ED13A}.Debug|Any CPU.ActiveCfg = Debug|Any CPU
		{63A6365C-BBC1-4EB7-B1AB-6AE1B25ED13A}.Debug|Any CPU.Build.0 = Debug|Any CPU
		{63A6365C-BBC1-4EB7-B1AB-6AE1B25ED13A}.Release|Any CPU.ActiveCfg = Release|Any CPU
		{63A6365C-BBC1-4EB7-B1AB-6AE1B25ED13A}.Release|Any CPU.Build.0 = Release|Any CPU
	EndGlobalSection
	GlobalSection(SolutionProperties) = preSolution
		HideSolutionNode = FALSE
	EndGlobalSection
	GlobalSection(ExtensibilityGlobals) = postSolution
		SolutionGuid = {3F99F7A5-6814-4E36-9D4C-395F4100FF88}
	EndGlobalSection
EndGlobal
